
Microsoft Visual Studio Solution File, Format Version 12.00
# Visual Studio Version 16
VisualStudioVersion = 16.0.29709.97
MinimumVisualStudioVersion = 10.0.40219.1
Project("{9A19103F-16F7-4668-BE54-9A1E7A4F7556}") = "EmployeeMonitoringScreen", "EmployeeChatBot\EmployeeMonitoringScreen.csproj", "{05EA8431-C56A-4327-9341-6149C64357AB}"
EndProject
Global
	GlobalSection(SolutionConfigurationPlatforms) = preSolution
		Debug|Any CPU = Debug|Any CPU
		Release|Any CPU = Release|Any CPU
	EndGlobalSection
	GlobalSection(ProjectConfigurationPlatforms) = postSolution
		{05EA8431-C56A-4327-9341-6149C64357AB}.Debug|Any CPU.ActiveCfg = Debug|Any CPU
		{05EA8431-C56A-4327-9341-6149C64357AB}.Debug|Any CPU.Build.0 = Debug|Any CPU
		{05EA8431-C56A-4327-9341-6149C64357AB}.Release|Any CPU.ActiveCfg = Release|Any CPU
		{05EA8431-C56A-4327-9341-6149C64357AB}.Release|Any CPU.Build.0 = Release|Any CPU
	EndGlobalSection
	GlobalSection(SolutionProperties) = preSolution
		HideSolutionNode = FALSE
	EndGlobalSection
	GlobalSection(ExtensibilityGlobals) = postSolution
		SolutionGuid = {00CDE2C0-7C94-4377-917C-7BF91D9ECA25}
	EndGlobalSection
EndGlobal
